
Microsoft Visual Studio Solution File, Format Version 12.00
# Visual Studio 14
VisualStudioVersion = 14.0.25420.1
MinimumVisualStudioVersion = 10.0.40219.1
Project("{FAE04EC0-301F-11D3-BF4B-00C04F79EFBC}") = "TaskManagerApp.Droid", "TaskManagerApp\TaskManagerApp.Droid\TaskManagerApp.Droid.csproj", "{9EE82CAB-E967-4645-A24B-4ABE23116CDC}"
EndProject
Project("{FAE04EC0-301F-11D3-BF4B-00C04F79EFBC}") = "TaskManagerApp.iOS", "TaskManagerApp\TaskManagerApp.iOS\TaskManagerApp.iOS.csproj", "{A2DB541E-FA5E-435A-9DC6-1B4FC9561BCB}"
EndProject
Project("{FAE04EC0-301F-11D3-BF4B-00C04F79EFBC}") = "TaskManagerApp.WinPhone", "TaskManagerApp\TaskManagerApp.WinPhone\TaskManagerApp.WinPhone.csproj", "{D63F1F1A-D655-4142-8CBC-C06E9D8715AA}"
EndProject
Project("{FAE04EC0-301F-11D3-BF4B-00C04F79EFBC}") = "TaskManagerApp.UWP", "TaskManagerApp\TaskManagerApp.UWP\TaskManagerApp.UWP.csproj", "{6B0C36CC-D799-403D-A651-1AD12E00649A}"
EndProject
Project("{FAE04EC0-301F-11D3-BF4B-00C04F79EFBC}") = "TaskManagerApp.Windows", "TaskManagerApp\TaskManagerApp.Windows\TaskManagerApp.Windows.csproj", "{46AB581A-F047-46E1-820F-D39AE69317D4}"
EndProject
Project("{FAE04EC0-301F-11D3-BF4B-00C04F79EFBC}") = "TaskManagerApp", "TaskManagerApp\TaskManagerApp\TaskManagerApp.csproj", "{EEBF49F8-D6EF-488F-8A9C-A3C031F70677}"
EndProject
Global
	GlobalSection(SolutionConfigurationPlatforms) = preSolution
		Ad-Hoc|Any CPU = Ad-Hoc|Any CPU
		Ad-Hoc|ARM = Ad-Hoc|ARM
		Ad-Hoc|iPhone = Ad-Hoc|iPhone
		Ad-Hoc|iPhoneSimulator = Ad-Hoc|iPhoneSimulator
		Ad-Hoc|x64 = Ad-Hoc|x64
		Ad-Hoc|x86 = Ad-Hoc|x86
		AppStore|Any CPU = AppStore|Any CPU
		AppStore|ARM = AppStore|ARM
		AppStore|iPhone = AppStore|iPhone
		AppStore|iPhoneSimulator = AppStore|iPhoneSimulator
		AppStore|x64 = AppStore|x64
		AppStore|x86 = AppStore|x86
		Debug|Any CPU = Debug|Any CPU
		Debug|ARM = Debug|ARM
		Debug|iPhone = Debug|iPhone
		Debug|iPhoneSimulator = Debug|iPhoneSimulator
		Debug|x64 = Debug|x64
		Debug|x86 = Debug|x86
		Release|Any CPU = Release|Any CPU
		Release|ARM = Release|ARM
		Release|iPhone = Release|iPhone
		Release|iPhoneSimulator = Release|iPhoneSimulator
		Release|x64 = Release|x64
		Release|x86 = Release|x86
	EndGlobalSection
	GlobalSection(ProjectConfigurationPlatforms) = postSolution
		{9EE82CAB-E967-4645-A24B-4ABE23116CDC}.Ad-Hoc|Any CPU.ActiveCfg = Release|Any CPU
		{9EE82CAB-E967-4645-A24B-4ABE23116CDC}.Ad-Hoc|Any CPU.Build.0 = Release|Any CPU
		{9EE82CAB-E967-4645-A24B-4ABE23116CDC}.Ad-Hoc|Any CPU.Deploy.0 = Release|Any CPU
		{9EE82CAB-E967-4645-A24B-4ABE23116CDC}.Ad-Hoc|ARM.ActiveCfg = Release|Any CPU
		{9EE82CAB-E967-4645-A24B-4ABE23116CDC}.Ad-Hoc|ARM.Build.0 = Release|Any CPU
		{9EE82CAB-E967-4645-A24B-4ABE23116CDC}.Ad-Hoc|ARM.Deploy.0 = Release|Any CPU
		{9EE82CAB-E967-4645-A24B-4ABE23116CDC}.Ad-Hoc|iPhone.ActiveCfg = Release|Any CPU
		{9EE82CAB-E967-4645-A24B-4ABE23116CDC}.Ad-Hoc|iPhone.Build.0 = Release|Any CPU
		{9EE82CAB-E967-4645-A24B-4ABE23116CDC}.Ad-Hoc|iPhone.Deploy.0 = Release|Any CPU
		{9EE82CAB-E967-4645-A24B-4ABE23116CDC}.Ad-Hoc|iPhoneSimulator.ActiveCfg = Release|Any CPU
		{9EE82CAB-E967-4645-A24B-4ABE23116CDC}.Ad-Hoc|iPhoneSimulator.Build.0 = Release|Any CPU
		{9EE82CAB-E967-4645-A24B-4ABE23116CDC}.Ad-Hoc|iPhoneSimulator.Deploy.0 = Release|Any CPU
		{9EE82CAB-E967-4645-A24B-4ABE23116CDC}.Ad-Hoc|x64.ActiveCfg = Release|Any CPU
		{9EE82CAB-E967-4645-A24B-4ABE23116CDC}.Ad-Hoc|x64.Build.0 = Release|Any CPU
		{9EE82CAB-E967-4645-A24B-4ABE23116CDC}.Ad-Hoc|x64.Deploy.0 = Release|Any CPU
		{9EE82CAB-E967-4645-A24B-4ABE23116CDC}.Ad-Hoc|x86.ActiveCfg = Release|Any CPU
		{9EE82CAB-E967-4645-A24B-4ABE23116CDC}.Ad-Hoc|x86.Build.0 = Release|Any CPU
		{9EE82CAB-E967-4645-A24B-4ABE23116CDC}.Ad-Hoc|x86.Deploy.0 = Release|Any CPU
		{9EE82CAB-E967-4645-A24B-4ABE23116CDC}.AppStore|Any CPU.ActiveCfg = Release|Any CPU
		{9EE82CAB-E967-4645-A24B-4ABE23116CDC}.AppStore|Any CPU.Build.0 = Release|Any CPU
		{9EE82CAB-E967-4645-A24B-4ABE23116CDC}.AppStore|Any CPU.Deploy.0 = Release|Any CPU
		{9EE82CAB-E967-4645-A24B-4ABE23116CDC}.AppStore|ARM.ActiveCfg = Release|Any CPU
		{9EE82CAB-E967-4645-A24B-4ABE23116CDC}.AppStore|ARM.Build.0 = Release|Any CPU
		{9EE82CAB-E967-4645-A24B-4ABE23116CDC}.AppStore|ARM.Deploy.0 = Release|Any CPU
		{9EE82CAB-E967-4645-A24B-4ABE23116CDC}.AppStore|iPhone.ActiveCfg = Release|Any CPU
		{9EE82CAB-E967-4645-A24B-4ABE23116CDC}.AppStore|iPhone.Build.0 = Release|Any CPU
		{9EE82CAB-E967-4645-A24B-4ABE23116CDC}.AppStore|iPhone.Deploy.0 = Release|Any CPU
		{9EE82CAB-E967-4645-A24B-4ABE23116CDC}.AppStore|iPhoneSimulator.ActiveCfg = Release|Any CPU
		{9EE82CAB-E967-4645-A24B-4ABE23116CDC}.AppStore|iPhoneSimulator.Build.0 = Release|Any CPU
		{9EE82CAB-E967-4645-A24B-4ABE23116CDC}.AppStore|iPhoneSimulator.Deploy.0 = Release|Any CPU
		{9EE82CAB-E967-4645-A24B-4ABE23116CDC}.AppStore|x64.ActiveCfg = Release|Any CPU
		{9EE82CAB-E967-4645-A24B-4ABE23116CDC}.AppStore|x64.Build.0 = Release|Any CPU
		{9EE82CAB-E967-4645-A24B-4ABE23116CDC}.AppStore|x64.Deploy.0 = Release|Any CPU
		{9EE82CAB-E967-4645-A24B-4ABE23116CDC}.AppStore|x86.ActiveCfg = Release|Any CPU
		{9EE82CAB-E967-4645-A24B-4ABE23116CDC}.AppStore|x86.Build.0 = Release|Any CPU
		{9EE82CAB-E967-4645-A24B-4ABE23116CDC}.AppStore|x86.Deploy.0 = Release|Any CPU
		{9EE82CAB-E967-4645-A24B-4ABE23116CDC}.Debug|Any CPU.ActiveCfg = Debug|Any CPU
		{9EE82CAB-E967-4645-A24B-4ABE23116CDC}.Debug|Any CPU.Build.0 = Debug|Any CPU
		{9EE82CAB-E967-4645-A24B-4ABE23116CDC}.Debug|Any CPU.Deploy.0 = Debug|Any CPU
		{9EE82CAB-E967-4645-A24B-4ABE23116CDC}.Debug|ARM.ActiveCfg = Debug|Any CPU
		{9EE82CAB-E967-4645-A24B-4ABE23116CDC}.Debug|ARM.Build.0 = Debug|Any CPU
		{9EE82CAB-E967-4645-A24B-4ABE23116CDC}.Debug|ARM.Deploy.0 = Debug|Any CPU
		{9EE82CAB-E967-4645-A24B-4ABE23116CDC}.Debug|iPhone.ActiveCfg = Debug|Any CPU
		{9EE82CAB-E967-4645-A24B-4ABE23116CDC}.Debug|iPhone.Build.0 = Debug|Any CPU
		{9EE82CAB-E967-4645-A24B-4ABE23116CDC}.Debug|iPhone.Deploy.0 = Debug|Any CPU
		{9EE82CAB-E967-4645-A24B-4ABE23116CDC}.Debug|iPhoneSimulator.ActiveCfg = Debug|Any CPU
		{9EE82CAB-E967-4645-A24B-4ABE23116CDC}.Debug|iPhoneSimulator.Build.0 = Debug|Any CPU
		{9EE82CAB-E967-4645-A24B-4ABE23116CDC}.Debug|iPhoneSimulator.Deploy.0 = Debug|Any CPU
		{9EE82CAB-E967-4645-A24B-4ABE23116CDC}.Debug|x64.ActiveCfg = Debug|Any CPU
		{9EE82CAB-E967-4645-A24B-4ABE23116CDC}.Debug|x64.Build.0 = Debug|Any CPU
		{9EE82CAB-E967-4645-A24B-4ABE23116CDC}.Debug|x64.Deploy.0 = Debug|Any CPU
		{9EE82CAB-E967-4645-A24B-4ABE23116CDC}.Debug|x86.ActiveCfg = Debug|Any CPU
		{9EE82CAB-E967-4645-A24B-4ABE23116CDC}.Debug|x86.Build.0 = Debug|Any CPU
		{9EE82CAB-E967-4645-A24B-4ABE23116CDC}.Debug|x86.Deploy.0 = Debug|Any CPU
		{9EE82CAB-E967-4645-A24B-4ABE23116CDC}.Release|Any CPU.ActiveCfg = Release|Any CPU
		{9EE82CAB-E967-4645-A24B-4ABE23116CDC}.Release|Any CPU.Build.0 = Release|Any CPU
		{9EE82CAB-E967-4645-A24B-4ABE23116CDC}.Release|Any CPU.Deploy.0 = Release|Any CPU
		{9EE82CAB-E967-4645-A24B-4ABE23116CDC}.Release|ARM.ActiveCfg = Release|Any CPU
		{9EE82CAB-E967-4645-A24B-4ABE23116CDC}.Release|ARM.Build.0 = Release|Any CPU
		{9EE82CAB-E967-4645-A24B-4ABE23116CDC}.Release|ARM.Deploy.0 = Release|Any CPU
		{9EE82CAB-E967-4645-A24B-4ABE23116CDC}.Release|iPhone.ActiveCfg = Release|Any CPU
		{9EE82CAB-E967-4645-A24B-4ABE23116CDC}.Release|iPhone.Build.0 = Release|Any CPU
		{9EE82CAB-E967-4645-A24B-4ABE23116CDC}.Release|iPhone.Deploy.0 = Release|Any CPU
		{9EE82CAB-E967-4645-A24B-4ABE23116CDC}.Release|iPhoneSimulator.ActiveCfg = Release|Any CPU
		{9EE82CAB-E967-4645-A24B-4ABE23116CDC}.Release|iPhoneSimulator.Build.0 = Release|Any CPU
		{9EE82CAB-E967-4645-A24B-4ABE23116CDC}.Release|iPhoneSimulator.Deploy.0 = Release|Any CPU
		{9EE82CAB-E967-4645-A24B-4ABE23116CDC}.Release|x64.ActiveCfg = Release|Any CPU
		{9EE82CAB-E967-4645-A24B-4ABE23116CDC}.Release|x64.Build.0 = Release|Any CPU
		{9EE82CAB-E967-4645-A24B-4ABE23116CDC}.Release|x64.Deploy.0 = Release|Any CPU
		{9EE82CAB-E967-4645-A24B-4ABE23116CDC}.Release|x86.ActiveCfg = Release|Any CPU
		{9EE82CAB-E967-4645-A24B-4ABE23116CDC}.Release|x86.Build.0 = Release|Any CPU
		{9EE82CAB-E967-4645-A24B-4ABE23116CDC}.Release|x86.Deploy.0 = Release|Any CPU
		{A2DB541E-FA5E-435A-9DC6-1B4FC9561BCB}.Ad-Hoc|Any CPU.ActiveCfg = Ad-Hoc|iPhone
		{A2DB541E-FA5E-435A-9DC6-1B4FC9561BCB}.Ad-Hoc|ARM.ActiveCfg = Ad-Hoc|iPhone
		{A2DB541E-FA5E-435A-9DC6-1B4FC9561BCB}.Ad-Hoc|iPhone.ActiveCfg = Ad-Hoc|iPhone
		{A2DB541E-FA5E-435A-9DC6-1B4FC9561BCB}.Ad-Hoc|iPhone.Build.0 = Ad-Hoc|iPhone
		{A2DB541E-FA5E-435A-9DC6-1B4FC9561BCB}.Ad-Hoc|iPhoneSimulator.ActiveCfg = Ad-Hoc|iPhoneSimulator
		{A2DB541E-FA5E-435A-9DC6-1B4FC9561BCB}.Ad-Hoc|iPhoneSimulator.Build.0 = Ad-Hoc|iPhoneSimulator
		{A2DB541E-FA5E-435A-9DC6-1B4FC9561BCB}.Ad-Hoc|x64.ActiveCfg = Ad-Hoc|iPhone
		{A2DB541E-FA5E-435A-9DC6-1B4FC9561BCB}.Ad-Hoc|x86.ActiveCfg = Ad-Hoc|iPhone
		{A2DB541E-FA5E-435A-9DC6-1B4FC9561BCB}.AppStore|Any CPU.ActiveCfg = AppStore|iPhone
		{A2DB541E-FA5E-435A-9DC6-1B4FC9561BCB}.AppStore|ARM.ActiveCfg = AppStore|iPhone
		{A2DB541E-FA5E-435A-9DC6-1B4FC9561BCB}.AppStore|iPhone.ActiveCfg = AppStore|iPhone
		{A2DB541E-FA5E-435A-9DC6-1B4FC9561BCB}.AppStore|iPhone.Build.0 = AppStore|iPhone
		{A2DB541E-FA5E-435A-9DC6-1B4FC9561BCB}.AppStore|iPhoneSimulator.ActiveCfg = AppStore|iPhoneSimulator
		{A2DB541E-FA5E-435A-9DC6-1B4FC9561BCB}.AppStore|iPhoneSimulator.Build.0 = AppStore|iPhoneSimulator
		{A2DB541E-FA5E-435A-9DC6-1B4FC9561BCB}.AppStore|x64.ActiveCfg = AppStore|iPhone
		{A2DB541E-FA5E-435A-9DC6-1B4FC9561BCB}.AppStore|x86.ActiveCfg = AppStore|iPhone
		{A2DB541E-FA5E-435A-9DC6-1B4FC9561BCB}.Debug|Any CPU.ActiveCfg = Debug|iPhone
		{A2DB541E-FA5E-435A-9DC6-1B4FC9561BCB}.Debug|ARM.ActiveCfg = Debug|iPhone
		{A2DB541E-FA5E-435A-9DC6-1B4FC9561BCB}.Debug|iPhone.ActiveCfg = Debug|iPhone
		{A2DB541E-FA5E-435A-9DC6-1B4FC9561BCB}.Debug|iPhone.Build.0 = Debug|iPhone
		{A2DB541E-FA5E-435A-9DC6-1B4FC9561BCB}.Debug|iPhoneSimulator.ActiveCfg = Debug|iPhoneSimulator
		{A2DB541E-FA5E-435A-9DC6-1B4FC9561BCB}.Debug|iPhoneSimulator.Build.0 = Debug|iPhoneSimulator
		{A2DB541E-FA5E-435A-9DC6-1B4FC9561BCB}.Debug|x64.ActiveCfg = Debug|iPhone
		{A2DB541E-FA5E-435A-9DC6-1B4FC9561BCB}.Debug|x86.ActiveCfg = Debug|iPhone
		{A2DB541E-FA5E-435A-9DC6-1B4FC9561BCB}.Release|Any CPU.ActiveCfg = Release|iPhone
		{A2DB541E-FA5E-435A-9DC6-1B4FC9561BCB}.Release|ARM.ActiveCfg = Release|iPhone
		{A2DB541E-FA5E-435A-9DC6-1B4FC9561BCB}.Release|iPhone.ActiveCfg = Release|iPhone
		{A2DB541E-FA5E-435A-9DC6-1B4FC9561BCB}.Release|iPhone.Build.0 = Release|iPhone
		{A2DB541E-FA5E-435A-9DC6-1B4FC9561BCB}.Release|iPhoneSimulator.ActiveCfg = Release|iPhoneSimulator
		{A2DB541E-FA5E-435A-9DC6-1B4FC9561BCB}.Release|iPhoneSimulator.Build.0 = Release|iPhoneSimulator
		{A2DB541E-FA5E-435A-9DC6-1B4FC9561BCB}.Release|x64.ActiveCfg = Release|iPhone
		{A2DB541E-FA5E-435A-9DC6-1B4FC9561BCB}.Release|x86.ActiveCfg = Release|iPhone
		{D63F1F1A-D655-4142-8CBC-C06E9D8715AA}.Ad-Hoc|Any CPU.ActiveCfg = Release|Any CPU
		{D63F1F1A-D655-4142-8CBC-C06E9D8715AA}.Ad-Hoc|Any CPU.Build.0 = Release|Any CPU
		{D63F1F1A-D655-4142-8CBC-C06E9D8715AA}.Ad-Hoc|Any CPU.Deploy.0 = Release|Any CPU
		{D63F1F1A-D655-4142-8CBC-C06E9D8715AA}.Ad-Hoc|ARM.ActiveCfg = Release|ARM
		{D63F1F1A-D655-4142-8CBC-C06E9D8715AA}.Ad-Hoc|ARM.Build.0 = Release|ARM
		{D63F1F1A-D655-4142-8CBC-C06E9D8715AA}.Ad-Hoc|ARM.Deploy.0 = Release|ARM
		{D63F1F1A-D655-4142-8CBC-C06E9D8715AA}.Ad-Hoc|iPhone.ActiveCfg = Release|Any CPU
		{D63F1F1A-D655-4142-8CBC-C06E9D8715AA}.Ad-Hoc|iPhone.Build.0 = Release|Any CPU
		{D63F1F1A-D655-4142-8CBC-C06E9D8715AA}.Ad-Hoc|iPhone.Deploy.0 = Release|Any CPU
		{D63F1F1A-D655-4142-8CBC-C06E9D8715AA}.Ad-Hoc|iPhoneSimulator.ActiveCfg = Release|Any CPU
		{D63F1F1A-D655-4142-8CBC-C06E9D8715AA}.Ad-Hoc|iPhoneSimulator.Build.0 = Release|Any CPU
		{D63F1F1A-D655-4142-8CBC-C06E9D8715AA}.Ad-Hoc|iPhoneSimulator.Deploy.0 = Release|Any CPU
		{D63F1F1A-D655-4142-8CBC-C06E9D8715AA}.Ad-Hoc|x64.ActiveCfg = Release|Any CPU
		{D63F1F1A-D655-4142-8CBC-C06E9D8715AA}.Ad-Hoc|x64.Build.0 = Release|Any CPU
		{D63F1F1A-D655-4142-8CBC-C06E9D8715AA}.Ad-Hoc|x64.Deploy.0 = Release|Any CPU
		{D63F1F1A-D655-4142-8CBC-C06E9D8715AA}.Ad-Hoc|x86.ActiveCfg = Release|x86
		{D63F1F1A-D655-4142-8CBC-C06E9D8715AA}.Ad-Hoc|x86.Build.0 = Release|x86
		{D63F1F1A-D655-4142-8CBC-C06E9D8715AA}.Ad-Hoc|x86.Deploy.0 = Release|x86
		{D63F1F1A-D655-4142-8CBC-C06E9D8715AA}.AppStore|Any CPU.ActiveCfg = Release|Any CPU
		{D63F1F1A-D655-4142-8CBC-C06E9D8715AA}.AppStore|Any CPU.Build.0 = Release|Any CPU
		{D63F1F1A-D655-4142-8CBC-C06E9D8715AA}.AppStore|Any CPU.Deploy.0 = Release|Any CPU
		{D63F1F1A-D655-4142-8CBC-C06E9D8715AA}.AppStore|ARM.ActiveCfg = Release|ARM
		{D63F1F1A-D655-4142-8CBC-C06E9D8715AA}.AppStore|ARM.Build.0 = Release|ARM
		{D63F1F1A-D655-4142-8CBC-C06E9D8715AA}.AppStore|ARM.Deploy.0 = Release|ARM
		{D63F1F1A-D655-4142-8CBC-C06E9D8715AA}.AppStore|iPhone.ActiveCfg = Release|Any CPU
		{D63F1F1A-D655-4142-8CBC-C06E9D8715AA}.AppStore|iPhone.Build.0 = Release|Any CPU
		{D63F1F1A-D655-4142-8CBC-C06E9D8715AA}.AppStore|iPhone.Deploy.0 = Release|Any CPU
		{D63F1F1A-D655-4142-8CBC-C06E9D8715AA}.AppStore|iPhoneSimulator.ActiveCfg = Release|Any CPU
		{D63F1F1A-D655-4142-8CBC-C06E9D8715AA}.AppStore|iPhoneSimulator.Build.0 = Release|Any CPU
		{D63F1F1A-D655-4142-8CBC-C06E9D8715AA}.AppStore|iPhoneSimulator.Deploy.0 = Release|Any CPU
		{D63F1F1A-D655-4142-8CBC-C06E9D8715AA}.AppStore|x64.ActiveCfg = Release|Any CPU
		{D63F1F1A-D655-4142-8CBC-C06E9D8715AA}.AppStore|x64.Build.0 = Release|Any CPU
		{D63F1F1A-D655-4142-8CBC-C06E9D8715AA}.AppStore|x64.Deploy.0 = Release|Any CPU
		{D63F1F1A-D655-4142-8CBC-C06E9D8715AA}.AppStore|x86.ActiveCfg = Release|x86
		{D63F1F1A-D655-4142-8CBC-C06E9D8715AA}.AppStore|x86.Build.0 = Release|x86
		{D63F1F1A-D655-4142-8CBC-C06E9D8715AA}.AppStore|x86.Deploy.0 = Release|x86
		{D63F1F1A-D655-4142-8CBC-C06E9D8715AA}.Debug|Any CPU.ActiveCfg = Debug|Any CPU
		{D63F1F1A-D655-4142-8CBC-C06E9D8715AA}.Debug|Any CPU.Build.0 = Debug|Any CPU
		{D63F1F1A-D655-4142-8CBC-C06E9D8715AA}.Debug|Any CPU.Deploy.0 = Debug|Any CPU
		{D63F1F1A-D655-4142-8CBC-C06E9D8715AA}.Debug|ARM.ActiveCfg = Debug|ARM
		{D63F1F1A-D655-4142-8CBC-C06E9D8715AA}.Debug|ARM.Build.0 = Debug|ARM
		{D63F1F1A-D655-4142-8CBC-C06E9D8715AA}.Debug|ARM.Deploy.0 = Debug|ARM
		{D63F1F1A-D655-4142-8CBC-C06E9D8715AA}.Debug|iPhone.ActiveCfg = Debug|Any CPU
		{D63F1F1A-D655-4142-8CBC-C06E9D8715AA}.Debug|iPhone.Build.0 = Debug|Any CPU
		{D63F1F1A-D655-4142-8CBC-C06E9D8715AA}.Debug|iPhone.Deploy.0 = Debug|Any CPU
		{D63F1F1A-D655-4142-8CBC-C06E9D8715AA}.Debug|iPhoneSimulator.ActiveCfg = Debug|Any CPU
		{D63F1F1A-D655-4142-8CBC-C06E9D8715AA}.Debug|iPhoneSimulator.Build.0 = Debug|Any CPU
		{D63F1F1A-D655-4142-8CBC-C06E9D8715AA}.Debug|iPhoneSimulator.Deploy.0 = Debug|Any CPU
		{D63F1F1A-D655-4142-8CBC-C06E9D8715AA}.Debug|x64.ActiveCfg = Debug|Any CPU
		{D63F1F1A-D655-4142-8CBC-C06E9D8715AA}.Debug|x64.Build.0 = Debug|Any CPU
		{D63F1F1A-D655-4142-8CBC-C06E9D8715AA}.Debug|x64.Deploy.0 = Debug|Any CPU
		{D63F1F1A-D655-4142-8CBC-C06E9D8715AA}.Debug|x86.ActiveCfg = Debug|x86
		{D63F1F1A-D655-4142-8CBC-C06E9D8715AA}.Debug|x86.Build.0 = Debug|x86
		{D63F1F1A-D655-4142-8CBC-C06E9D8715AA}.Debug|x86.Deploy.0 = Debug|x86
		{D63F1F1A-D655-4142-8CBC-C06E9D8715AA}.Release|Any CPU.ActiveCfg = Release|Any CPU
		{D63F1F1A-D655-4142-8CBC-C06E9D8715AA}.Release|Any CPU.Build.0 = Release|Any CPU
		{D63F1F1A-D655-4142-8CBC-C06E9D8715AA}.Release|Any CPU.Deploy.0 = Release|Any CPU
		{D63F1F1A-D655-4142-8CBC-C06E9D8715AA}.Release|ARM.ActiveCfg = Release|ARM
		{D63F1F1A-D655-4142-8CBC-C06E9D8715AA}.Release|ARM.Build.0 = Release|ARM
		{D63F1F1A-D655-4142-8CBC-C06E9D8715AA}.Release|ARM.Deploy.0 = Release|ARM
		{D63F1F1A-D655-4142-8CBC-C06E9D8715AA}.Release|iPhone.ActiveCfg = Release|Any CPU
		{D63F1F1A-D655-4142-8CBC-C06E9D8715AA}.Release|iPhone.Build.0 = Release|Any CPU
		{D63F1F1A-D655-4142-8CBC-C06E9D8715AA}.Release|iPhone.Deploy.0 = Release|Any CPU
		{D63F1F1A-D655-4142-8CBC-C06E9D8715AA}.Release|iPhoneSimulator.ActiveCfg = Release|Any CPU
		{D63F1F1A-D655-4142-8CBC-C06E9D8715AA}.Release|iPhoneSimulator.Build.0 = Release|Any CPU
		{D63F1F1A-D655-4142-8CBC-C06E9D8715AA}.Release|iPhoneSimulator.Deploy.0 = Release|Any CPU
		{D63F1F1A-D655-4142-8CBC-C06E9D8715AA}.Release|x64.ActiveCfg = Release|Any CPU
		{D63F1F1A-D655-4142-8CBC-C06E9D8715AA}.Release|x64.Build.0 = Release|Any CPU
		{D63F1F1A-D655-4142-8CBC-C06E9D8715AA}.Release|x64.Deploy.0 = Release|Any CPU
		{D63F1F1A-D655-4142-8CBC-C06E9D8715AA}.Release|x86.ActiveCfg = Release|x86
		{D63F1F1A-D655-4142-8CBC-C06E9D8715AA}.Release|x86.Build.0 = Release|x86
		{D63F1F1A-D655-4142-8CBC-C06E9D8715AA}.Release|x86.Deploy.0 = Release|x86
		{6B0C36CC-D799-403D-A651-1AD12E00649A}.Ad-Hoc|Any CPU.ActiveCfg = Release|x86
		{6B0C36CC-D799-403D-A651-1AD12E00649A}.Ad-Hoc|Any CPU.Build.0 = Release|x86
		{6B0C36CC-D799-403D-A651-1AD12E00649A}.Ad-Hoc|Any CPU.Deploy.0 = Release|x86
		{6B0C36CC-D799-403D-A651-1AD12E00649A}.Ad-Hoc|ARM.ActiveCfg = Release|ARM
		{6B0C36CC-D799-403D-A651-1AD12E00649A}.Ad-Hoc|ARM.Build.0 = Release|ARM
		{6B0C36CC-D799-403D-A651-1AD12E00649A}.Ad-Hoc|ARM.Deploy.0 = Release|ARM
		{6B0C36CC-D799-403D-A651-1AD12E00649A}.Ad-Hoc|iPhone.ActiveCfg = Release|x86
		{6B0C36CC-D799-403D-A651-1AD12E00649A}.Ad-Hoc|iPhone.Build.0 = Release|x86
		{6B0C36CC-D799-403D-A651-1AD12E00649A}.Ad-Hoc|iPhone.Deploy.0 = Release|x86
		{6B0C36CC-D799-403D-A651-1AD12E00649A}.Ad-Hoc|iPhoneSimulator.ActiveCfg = Release|x86
		{6B0C36CC-D799-403D-A651-1AD12E00649A}.Ad-Hoc|iPhoneSimulator.Build.0 = Release|x86
		{6B0C36CC-D799-403D-A651-1AD12E00649A}.Ad-Hoc|iPhoneSimulator.Deploy.0 = Release|x86
		{6B0C36CC-D799-403D-A651-1AD12E00649A}.Ad-Hoc|x64.ActiveCfg = Release|x64
		{6B0C36CC-D799-403D-A651-1AD12E00649A}.Ad-Hoc|x64.Build.0 = Release|x64
		{6B0C36CC-D799-403D-A651-1AD12E00649A}.Ad-Hoc|x64.Deploy.0 = Release|x64
		{6B0C36CC-D799-403D-A651-1AD12E00649A}.Ad-Hoc|x86.ActiveCfg = Release|x86
		{6B0C36CC-D799-403D-A651-1AD12E00649A}.Ad-Hoc|x86.Build.0 = Release|x86
		{6B0C36CC-D799-403D-A651-1AD12E00649A}.Ad-Hoc|x86.Deploy.0 = Release|x86
		{6B0C36CC-D799-403D-A651-1AD12E00649A}.AppStore|Any CPU.ActiveCfg = Release|x86
		{6B0C36CC-D799-403D-A651-1AD12E00649A}.AppStore|Any CPU.Build.0 = Release|x86
		{6B0C36CC-D799-403D-A651-1AD12E00649A}.AppStore|Any CPU.Deploy.0 = Release|x86
		{6B0C36CC-D799-403D-A651-1AD12E00649A}.AppStore|ARM.ActiveCfg = Release|ARM
		{6B0C36CC-D799-403D-A651-1AD12E00649A}.AppStore|ARM.Build.0 = Release|ARM
		{6B0C36CC-D799-403D-A651-1AD12E00649A}.AppStore|ARM.Deploy.0 = Release|ARM
		{6B0C36CC-D799-403D-A651-1AD12E00649A}.AppStore|iPhone.ActiveCfg = Release|x86
		{6B0C36CC-D799-403D-A651-1AD12E00649A}.AppStore|iPhone.Build.0 = Release|x86
		{6B0C36CC-D799-403D-A651-1AD12E00649A}.AppStore|iPhone.Deploy.0 = Release|x86
		{6B0C36CC-D799-403D-A651-1AD12E00649A}.AppStore|iPhoneSimulator.ActiveCfg = Release|x86
		{6B0C36CC-D799-403D-A651-1AD12E00649A}.AppStore|iPhoneSimulator.Build.0 = Release|x86
		{6B0C36CC-D799-403D-A651-1AD12E00649A}.AppStore|iPhoneSimulator.Deploy.0 = Release|x86
		{6B0C36CC-D799-403D-A651-1AD12E00649A}.AppStore|x64.ActiveCfg = Release|x64
		{6B0C36CC-D799-403D-A651-1AD12E00649A}.AppStore|x64.Build.0 = Release|x64
		{6B0C36CC-D799-403D-A651-1AD12E00649A}.AppStore|x64.Deploy.0 = Release|x64
		{6B0C36CC-D799-403D-A651-1AD12E00649A}.AppStore|x86.ActiveCfg = Release|x86
		{6B0C36CC-D799-403D-A651-1AD12E00649A}.AppStore|x86.Build.0 = Release|x86
		{6B0C36CC-D799-403D-A651-1AD12E00649A}.AppStore|x86.Deploy.0 = Release|x86
		{6B0C36CC-D799-403D-A651-1AD12E00649A}.Debug|Any CPU.ActiveCfg = Debug|x86
		{6B0C36CC-D799-403D-A651-1AD12E00649A}.Debug|ARM.ActiveCfg = Debug|ARM
		{6B0C36CC-D799-403D-A651-1AD12E00649A}.Debug|ARM.Build.0 = Debug|ARM
		{6B0C36CC-D799-403D-A651-1AD12E00649A}.Debug|ARM.Deploy.0 = Debug|ARM
		{6B0C36CC-D799-403D-A651-1AD12E00649A}.Debug|iPhone.ActiveCfg = Debug|x86
		{6B0C36CC-D799-403D-A651-1AD12E00649A}.Debug|iPhoneSimulator.ActiveCfg = Debug|x86
		{6B0C36CC-D799-403D-A651-1AD12E00649A}.Debug|x64.ActiveCfg = Debug|x64
		{6B0C36CC-D799-403D-A651-1AD12E00649A}.Debug|x64.Build.0 = Debug|x64
		{6B0C36CC-D799-403D-A651-1AD12E00649A}.Debug|x64.Deploy.0 = Debug|x64
		{6B0C36CC-D799-403D-A651-1AD12E00649A}.Debug|x86.ActiveCfg = Debug|x86
		{6B0C36CC-D799-403D-A651-1AD12E00649A}.Debug|x86.Build.0 = Debug|x86
		{6B0C36CC-D799-403D-A651-1AD12E00649A}.Debug|x86.Deploy.0 = Debug|x86
		{6B0C36CC-D799-403D-A651-1AD12E00649A}.Release|Any CPU.ActiveCfg = Release|x86
		{6B0C36CC-D799-403D-A651-1AD12E00649A}.Release|ARM.ActiveCfg = Release|ARM
		{6B0C36CC-D799-403D-A651-1AD12E00649A}.Release|ARM.Build.0 = Release|ARM
		{6B0C36CC-D799-403D-A651-1AD12E00649A}.Release|ARM.Deploy.0 = Release|ARM
		{6B0C36CC-D799-403D-A651-1AD12E00649A}.Release|iPhone.ActiveCfg = Release|x86
		{6B0C36CC-D799-403D-A651-1AD12E00649A}.Release|iPhoneSimulator.ActiveCfg = Release|x86
		{6B0C36CC-D799-403D-A651-1AD12E00649A}.Release|x64.ActiveCfg = Release|x64
		{6B0C36CC-D799-403D-A651-1AD12E00649A}.Release|x64.Build.0 = Release|x64
		{6B0C36CC-D799-403D-A651-1AD12E00649A}.Release|x64.Deploy.0 = Release|x64
		{6B0C36CC-D799-403D-A651-1AD12E00649A}.Release|x86.ActiveCfg = Release|x86
		{6B0C36CC-D799-403D-A651-1AD12E00649A}.Release|x86.Build.0 = Release|x86
		{6B0C36CC-D799-403D-A651-1AD12E00649A}.Release|x86.Deploy.0 = Release|x86
		{46AB581A-F047-46E1-820F-D39AE69317D4}.Ad-Hoc|Any CPU.ActiveCfg = Release|Any CPU
		{46AB581A-F047-46E1-820F-D39AE69317D4}.Ad-Hoc|Any CPU.Build.0 = Release|Any CPU
		{46AB581A-F047-46E1-820F-D39AE69317D4}.Ad-Hoc|Any CPU.Deploy.0 = Release|Any CPU
		{46AB581A-F047-46E1-820F-D39AE69317D4}.Ad-Hoc|ARM.ActiveCfg = Release|ARM
		{46AB581A-F047-46E1-820F-D39AE69317D4}.Ad-Hoc|ARM.Build.0 = Release|ARM
		{46AB581A-F047-46E1-820F-D39AE69317D4}.Ad-Hoc|ARM.Deploy.0 = Release|ARM
		{46AB581A-F047-46E1-820F-D39AE69317D4}.Ad-Hoc|iPhone.ActiveCfg = Release|Any CPU
		{46AB581A-F047-46E1-820F-D39AE69317D4}.Ad-Hoc|iPhone.Build.0 = Release|Any CPU
		{46AB581A-F047-46E1-820F-D39AE69317D4}.Ad-Hoc|iPhone.Deploy.0 = Release|Any CPU
		{46AB581A-F047-46E1-820F-D39AE69317D4}.Ad-Hoc|iPhoneSimulator.ActiveCfg = Release|Any CPU
		{46AB581A-F047-46E1-820F-D39AE69317D4}.Ad-Hoc|iPhoneSimulator.Build.0 = Release|Any CPU
		{46AB581A-F047-46E1-820F-D39AE69317D4}.Ad-Hoc|iPhoneSimulator.Deploy.0 = Release|Any CPU
		{46AB581A-F047-46E1-820F-D39AE69317D4}.Ad-Hoc|x64.ActiveCfg = Release|x64
		{46AB581A-F047-46E1-820F-D39AE69317D4}.Ad-Hoc|x64.Build.0 = Release|x64
		{46AB581A-F047-46E1-820F-D39AE69317D4}.Ad-Hoc|x64.Deploy.0 = Release|x64
		{46AB581A-F047-46E1-820F-D39AE69317D4}.Ad-Hoc|x86.ActiveCfg = Release|x86
		{46AB581A-F047-46E1-820F-D39AE69317D4}.Ad-Hoc|x86.Build.0 = Release|x86
		{46AB581A-F047-46E1-820F-D39AE69317D4}.Ad-Hoc|x86.Deploy.0 = Release|x86
		{46AB581A-F047-46E1-820F-D39AE69317D4}.AppStore|Any CPU.ActiveCfg = Release|Any CPU
		{46AB581A-F047-46E1-820F-D39AE69317D4}.AppStore|Any CPU.Build.0 = Release|Any CPU
		{46AB581A-F047-46E1-820F-D39AE69317D4}.AppStore|Any CPU.Deploy.0 = Release|Any CPU
		{46AB581A-F047-46E1-820F-D39AE69317D4}.AppStore|ARM.ActiveCfg = Release|ARM
		{46AB581A-F047-46E1-820F-D39AE69317D4}.AppStore|ARM.Build.0 = Release|ARM
		{46AB581A-F047-46E1-820F-D39AE69317D4}.AppStore|ARM.Deploy.0 = Release|ARM
		{46AB581A-F047-46E1-820F-D39AE69317D4}.AppStore|iPhone.ActiveCfg = Release|Any CPU
		{46AB581A-F047-46E1-820F-D39AE69317D4}.AppStore|iPhone.Build.0 = Release|Any CPU
		{46AB581A-F047-46E1-820F-D39AE69317D4}.AppStore|iPhone.Deploy.0 = Release|Any CPU
		{46AB581A-F047-46E1-820F-D39AE69317D4}.AppStore|iPhoneSimulator.ActiveCfg = Release|Any CPU
		{46AB581A-F047-46E1-820F-D39AE69317D4}.AppStore|iPhoneSimulator.Build.0 = Release|Any CPU
		{46AB581A-F047-46E1-820F-D39AE69317D4}.AppStore|iPhoneSimulator.Deploy.0 = Release|Any CPU
		{46AB581A-F047-46E1-820F-D39AE69317D4}.AppStore|x64.ActiveCfg = Release|x64
		{46AB581A-F047-46E1-820F-D39AE69317D4}.AppStore|x64.Build.0 = Release|x64
		{46AB581A-F047-46E1-820F-D39AE69317D4}.AppStore|x64.Deploy.0 = Release|x64
		{46AB581A-F047-46E1-820F-D39AE69317D4}.AppStore|x86.ActiveCfg = Release|x86
		{46AB581A-F047-46E1-820F-D39AE69317D4}.AppStore|x86.Build.0 = Release|x86
		{46AB581A-F047-46E1-820F-D39AE69317D4}.AppStore|x86.Deploy.0 = Release|x86
		{46AB581A-F047-46E1-820F-D39AE69317D4}.Debug|Any CPU.ActiveCfg = Debug|Any CPU
		{46AB581A-F047-46E1-820F-D39AE69317D4}.Debug|Any CPU.Build.0 = Debug|Any CPU
		{46AB581A-F047-46E1-820F-D39AE69317D4}.Debug|Any CPU.Deploy.0 = Debug|Any CPU
		{46AB581A-F047-46E1-820F-D39AE69317D4}.Debug|ARM.ActiveCfg = Debug|ARM
		{46AB581A-F047-46E1-820F-D39AE69317D4}.Debug|ARM.Build.0 = Debug|ARM
		{46AB581A-F047-46E1-820F-D39AE69317D4}.Debug|ARM.Deploy.0 = Debug|ARM
		{46AB581A-F047-46E1-820F-D39AE69317D4}.Debug|iPhone.ActiveCfg = Debug|Any CPU
		{46AB581A-F047-46E1-820F-D39AE69317D4}.Debug|iPhone.Build.0 = Debug|Any CPU
		{46AB581A-F047-46E1-820F-D39AE69317D4}.Debug|iPhone.Deploy.0 = Debug|Any CPU
		{46AB581A-F047-46E1-820F-D39AE69317D4}.Debug|iPhoneSimulator.ActiveCfg = Debug|Any CPU
		{46AB581A-F047-46E1-820F-D39AE69317D4}.Debug|iPhoneSimulator.Build.0 = Debug|Any CPU
		{46AB581A-F047-46E1-820F-D39AE69317D4}.Debug|iPhoneSimulator.Deploy.0 = Debug|Any CPU
		{46AB581A-F047-46E1-820F-D39AE69317D4}.Debug|x64.ActiveCfg = Debug|x64
		{46AB581A-F047-46E1-820F-D39AE69317D4}.Debug|x64.Build.0 = Debug|x64
		{46AB581A-F047-46E1-820F-D39AE69317D4}.Debug|x64.Deploy.0 = Debug|x64
		{46AB581A-F047-46E1-820F-D39AE69317D4}.Debug|x86.ActiveCfg = Debug|x86
		{46AB581A-F047-46E1-820F-D39AE69317D4}.Debug|x86.Build.0 = Debug|x86
		{46AB581A-F047-46E1-820F-D39AE69317D4}.Debug|x86.Deploy.0 = Debug|x86
		{46AB581A-F047-46E1-820F-D39AE69317D4}.Release|Any CPU.ActiveCfg = Release|Any CPU
		{46AB581A-F047-46E1-820F-D39AE69317D4}.Release|Any CPU.Build.0 = Release|Any CPU
		{46AB581A-F047-46E1-820F-D39AE69317D4}.Release|Any CPU.Deploy.0 = Release|Any CPU
		{46AB581A-F047-46E1-820F-D39AE69317D4}.Release|ARM.ActiveCfg = Release|ARM
		{46AB581A-F047-46E1-820F-D39AE69317D4}.Release|ARM.Build.0 = Release|ARM
		{46AB581A-F047-46E1-820F-D39AE69317D4}.Release|ARM.Deploy.0 = Release|ARM
		{46AB581A-F047-46E1-820F-D39AE69317D4}.Release|iPhone.ActiveCfg = Release|Any CPU
		{46AB581A-F047-46E1-820F-D39AE69317D4}.Release|iPhone.Build.0 = Release|Any CPU
		{46AB581A-F047-46E1-820F-D39AE69317D4}.Release|iPhone.Deploy.0 = Release|Any CPU
		{46AB581A-F047-46E1-820F-D39AE69317D4}.Release|iPhoneSimulator.ActiveCfg = Release|Any CPU
		{46AB581A-F047-46E1-820F-D39AE69317D4}.Release|iPhoneSimulator.Build.0 = Release|Any CPU
		{46AB581A-F047-46E1-820F-D39AE69317D4}.Release|iPhoneSimulator.Deploy.0 = Release|Any CPU
		{46AB581A-F047-46E1-820F-D39AE69317D4}.Release|x64.ActiveCfg = Release|x64
		{46AB581A-F047-46E1-820F-D39AE69317D4}.Release|x64.Build.0 = Release|x64
		{46AB581A-F047-46E1-820F-D39AE69317D4}.Release|x64.Deploy.0 = Release|x64
		{46AB581A-F047-46E1-820F-D39AE69317D4}.Release|x86.ActiveCfg = Release|x86
		{46AB581A-F047-46E1-820F-D39AE69317D4}.Release|x86.Build.0 = Release|x86
		{46AB581A-F047-46E1-820F-D39AE69317D4}.Release|x86.Deploy.0 = Release|x86
		{EEBF49F8-D6EF-488F-8A9C-A3C031F70677}.Ad-Hoc|Any CPU.ActiveCfg = Release|Any CPU
		{EEBF49F8-D6EF-488F-8A9C-A3C031F70677}.Ad-Hoc|Any CPU.Build.0 = Release|Any CPU
		{EEBF49F8-D6EF-488F-8A9C-A3C031F70677}.Ad-Hoc|ARM.ActiveCfg = Release|Any CPU
		{EEBF49F8-D6EF-488F-8A9C-A3C031F70677}.Ad-Hoc|ARM.Build.0 = Release|Any CPU
		{EEBF49F8-D6EF-488F-8A9C-A3C031F70677}.Ad-Hoc|iPhone.ActiveCfg = Release|Any CPU
		{EEBF49F8-D6EF-488F-8A9C-A3C031F70677}.Ad-Hoc|iPhone.Build.0 = Release|Any CPU
		{EEBF49F8-D6EF-488F-8A9C-A3C031F70677}.Ad-Hoc|iPhoneSimulator.ActiveCfg = Release|Any CPU
		{EEBF49F8-D6EF-488F-8A9C-A3C031F70677}.Ad-Hoc|iPhoneSimulator.Build.0 = Release|Any CPU
		{EEBF49F8-D6EF-488F-8A9C-A3C031F70677}.Ad-Hoc|x64.ActiveCfg = Release|Any CPU
		{EEBF49F8-D6EF-488F-8A9C-A3C031F70677}.Ad-Hoc|x64.Build.0 = Release|Any CPU
		{EEBF49F8-D6EF-488F-8A9C-A3C031F70677}.Ad-Hoc|x86.ActiveCfg = Release|Any CPU
		{EEBF49F8-D6EF-488F-8A9C-A3C031F70677}.Ad-Hoc|x86.Build.0 = Release|Any CPU
		{EEBF49F8-D6EF-488F-8A9C-A3C031F70677}.AppStore|Any CPU.ActiveCfg = Release|Any CPU
		{EEBF49F8-D6EF-488F-8A9C-A3C031F70677}.AppStore|Any CPU.Build.0 = Release|Any CPU
		{EEBF49F8-D6EF-488F-8A9C-A3C031F70677}.AppStore|ARM.ActiveCfg = Release|Any CPU
		{EEBF49F8-D6EF-488F-8A9C-A3C031F70677}.AppStore|ARM.Build.0 = Release|Any CPU
		{EEBF49F8-D6EF-488F-8A9C-A3C031F70677}.AppStore|iPhone.ActiveCfg = Release|Any CPU
		{EEBF49F8-D6EF-488F-8A9C-A3C031F70677}.AppStore|iPhone.Build.0 = Release|Any CPU
		{EEBF49F8-D6EF-488F-8A9C-A3C031F70677}.AppStore|iPhoneSimulator.ActiveCfg = Release|Any CPU
		{EEBF49F8-D6EF-488F-8A9C-A3C031F70677}.AppStore|iPhoneSimulator.Build.0 = Release|Any CPU
		{EEBF49F8-D6EF-488F-8A9C-A3C031F70677}.AppStore|x64.ActiveCfg = Release|Any CPU
		{EEBF49F8-D6EF-488F-8A9C-A3C031F70677}.AppStore|x64.Build.0 = Release|Any CPU
		{EEBF49F8-D6EF-488F-8A9C-A3C031F70677}.AppStore|x86.ActiveCfg = Release|Any CPU
		{EEBF49F8-D6EF-488F-8A9C-A3C031F70677}.AppStore|x86.Build.0 = Release|Any CPU
		{EEBF49F8-D6EF-488F-8A9C-A3C031F70677}.Debug|Any CPU.ActiveCfg = Debug|Any CPU
		{EEBF49F8-D6EF-488F-8A9C-A3C031F70677}.Debug|Any CPU.Build.0 = Debug|Any CPU
		{EEBF49F8-D6EF-488F-8A9C-A3C031F70677}.Debug|ARM.ActiveCfg = Debug|Any CPU
		{EEBF49F8-D6EF-488F-8A9C-A3C031F70677}.Debug|ARM.Build.0 = Debug|Any CPU
		{EEBF49F8-D6EF-488F-8A9C-A3C031F70677}.Debug|iPhone.ActiveCfg = Debug|Any CPU
		{EEBF49F8-D6EF-488F-8A9C-A3C031F70677}.Debug|iPhone.Build.0 = Debug|Any CPU
		{EEBF49F8-D6EF-488F-8A9C-A3C031F70677}.Debug|iPhoneSimulator.ActiveCfg = Debug|Any CPU
		{EEBF49F8-D6EF-488F-8A9C-A3C031F70677}.Debug|iPhoneSimulator.Build.0 = Debug|Any CPU
		{EEBF49F8-D6EF-488F-8A9C-A3C031F70677}.Debug|x64.ActiveCfg = Debug|Any CPU
		{EEBF49F8-D6EF-488F-8A9C-A3C031F70677}.Debug|x64.Build.0 = Debug|Any CPU
		{EEBF49F8-D6EF-488F-8A9C-A3C031F70677}.Debug|x86.ActiveCfg = Debug|Any CPU
		{EEBF49F8-D6EF-488F-8A9C-A3C031F70677}.Debug|x86.Build.0 = Debug|Any CPU
		{EEBF49F8-D6EF-488F-8A9C-A3C031F70677}.Release|Any CPU.ActiveCfg = Release|Any CPU
		{EEBF49F8-D6EF-488F-8A9C-A3C031F70677}.Release|Any CPU.Build.0 = Release|Any CPU
		{EEBF49F8-D6EF-488F-8A9C-A3C031F70677}.Release|ARM.ActiveCfg = Release|Any CPU
		{EEBF49F8-D6EF-488F-8A9C-A3C031F70677}.Release|ARM.Build.0 = Release|Any CPU
		{EEBF49F8-D6EF-488F-8A9C-A3C031F70677}.Release|iPhone.ActiveCfg = Release|Any CPU
		{EEBF49F8-D6EF-488F-8A9C-A3C031F70677}.Release|iPhone.Build.0 = Release|Any CPU
		{EEBF49F8-D6EF-488F-8A9C-A3C031F70677}.Release|iPhoneSimulator.ActiveCfg = Release|Any CPU
		{EEBF49F8-D6EF-488F-8A9C-A3C031F70677}.Release|iPhoneSimulator.Build.0 = Release|Any CPU
		{EEBF49F8-D6EF-488F-8A9C-A3C031F70677}.Release|x64.ActiveCfg = Release|Any CPU
		{EEBF49F8-D6EF-488F-8A9C-A3C031F70677}.Release|x64.Build.0 = Release|Any CPU
		{EEBF49F8-D6EF-488F-8A9C-A3C031F70677}.Release|x86.ActiveCfg = Release|Any CPU
		{EEBF49F8-D6EF-488F-8A9C-A3C031F70677}.Release|x86.Build.0 = Release|Any CPU
	EndGlobalSection
	GlobalSection(SolutionProperties) = preSolution
		HideSolutionNode = FALSE
	EndGlobalSection
EndGlobal
